
Microsoft Visual Studio Solution File, Format Version 12.00
# Visual Studio Version 17
VisualStudioVersion = 17.12.35707.178
MinimumVisualStudioVersion = 10.0.40219.1
Project("{FAE04EC0-301F-11D3-BF4B-00C04F79EFBC}") = "1_two_sum", "1_two_sum\1_two_sum.csproj", "{FA8C80A9-6292-4A2C-97C2-92809D71A178}"
EndProject
Project("{FAE04EC0-301F-11D3-BF4B-00C04F79EFBC}") = "2942_find_words_containing_character", "2942_find_words_containing_character\2942_find_words_containing_character.csproj", "{843A1745-6761-45EC-82F1-51BC7F12F956}"
EndProject
Project("{FAE04EC0-301F-11D3-BF4B-00C04F79EFBC}") = "20_valid_parentheses", "20_valid_parentheses\20_valid_parentheses.csproj", "{9E020D4B-C9FF-4104-598E-F12069C01A81}"
EndProject
Project("{FAE04EC0-301F-11D3-BF4B-00C04F79EFBC}") = "2_add_two_numbers", "2_add_two_numbers\2_add_two_numbers.csproj", "{0C72C24C-5CDC-91DD-C081-3DE81D85B869}"
EndProject
Global
	GlobalSection(SolutionConfigurationPlatforms) = preSolution
		Debug|Any CPU = Debug|Any CPU
		Release|Any CPU = Release|Any CPU
	EndGlobalSection
	GlobalSection(ProjectConfigurationPlatforms) = postSolution
		{FA8C80A9-6292-4A2C-97C2-92809D71A178}.Debug|Any CPU.ActiveCfg = Debug|Any CPU
		{FA8C80A9-6292-4A2C-97C2-92809D71A178}.Debug|Any CPU.Build.0 = Debug|Any CPU
		{FA8C80A9-6292-4A2C-97C2-92809D71A178}.Release|Any CPU.ActiveCfg = Release|Any CPU
		{FA8C80A9-6292-4A2C-97C2-92809D71A178}.Release|Any CPU.Build.0 = Release|Any CPU
		{843A1745-6761-45EC-82F1-51BC7F12F956}.Debug|Any CPU.ActiveCfg = Debug|Any CPU
		{843A1745-6761-45EC-82F1-51BC7F12F956}.Debug|Any CPU.Build.0 = Debug|Any CPU
		{843A1745-6761-45EC-82F1-51BC7F12F956}.Release|Any CPU.ActiveCfg = Release|Any CPU
		{843A1745-6761-45EC-82F1-51BC7F12F956}.Release|Any CPU.Build.0 = Release|Any CPU
		{9E020D4B-C9FF-4104-598E-F12069C01A81}.Debug|Any CPU.ActiveCfg = Debug|Any CPU
		{9E020D4B-C9FF-4104-598E-F12069C01A81}.Debug|Any CPU.Build.0 = Debug|Any CPU
		{9E020D4B-C9FF-4104-598E-F12069C01A81}.Release|Any CPU.ActiveCfg = Release|Any CPU
		{9E020D4B-C9FF-4104-598E-F12069C01A81}.Release|Any CPU.Build.0 = Release|Any CPU
		{0C72C24C-5CDC-91DD-C081-3DE81D85B869}.Debug|Any CPU.ActiveCfg = Debug|Any CPU
		{0C72C24C-5CDC-91DD-C081-3DE81D85B869}.Debug|Any CPU.Build.0 = Debug|Any CPU
		{0C72C24C-5CDC-91DD-C081-3DE81D85B869}.Release|Any CPU.ActiveCfg = Release|Any CPU
		{0C72C24C-5CDC-91DD-C081-3DE81D85B869}.Release|Any CPU.Build.0 = Release|Any CPU
	EndGlobalSection
	GlobalSection(SolutionProperties) = preSolution
		HideSolutionNode = FALSE
	EndGlobalSection
	GlobalSection(ExtensibilityGlobals) = postSolution
		SolutionGuid = {89995998-5D83-4A14-A980-633611C5C2B1}
	EndGlobalSection
EndGlobal
